{
    "_readme": [
        "This file locks the dependencies of your project to a known state",
        "Read more about it at https://getcomposer.org/doc/01-basic-usage.md#installing-dependencies",
        "This file is @generated automatically"
    ],
    "content-hash": "1e7d5f6c0702b887c53de66f4bcf0a06",
    "packages": [
        {
            "name": "fzaninotto/faker",
            "version": "v1.9.1",
            "source": {
                "type": "git",
                "url": "https://github.com/fzaninotto/Faker.git",
                "reference": "fc10d778e4b84d5bd315dad194661e091d307c6f"
            },
            "dist": {
                "type": "zip",
                "url": "https://api.github.com/repos/fzaninotto/Faker/zipball/fc10d778e4b84d5bd315dad194661e091d307c6f",
                "reference": "fc10d778e4b84d5bd315dad194661e091d307c6f",
                "shasum": ""
            },
            "require": {
                "php": "^5.3.3 || ^7.0"
            },
            "require-dev": {
                "ext-intl": "*",
                "phpunit/phpunit": "^4.8.35 || ^5.7",
                "squizlabs/php_codesniffer": "^2.9.2"
            },
            "type": "library",
            "extra": {
                "branch-alias": {
                    "dev-master": "1.9-dev"
                }
            },
            "autoload": {
                "psr-4": {
                    "Faker\\": "src/Faker/"
                }
            },
            "notification-url": "https://packagist.org/downloads/",
            "license": [
                "MIT"
            ],
            "authors": [
                {
                    "name": "François Zaninotto"
                }
            ],
            "description": "Faker is a PHP library that generates fake data for you.",
            "keywords": [
                "data",
                "faker",
                "fixtures"
            ],
            "time": "2019-12-12T13:22:17+00:00"
        },
        {
            "name": "jzonta/faker-restaurant",
            "version": "1.0.0",
            "source": {
                "type": "git",
                "url": "https://github.com/jzonta/FakerRestaurant.git",
                "reference": "8fe1ba7d887f1b7047b951a15166e316eaa07963"
            },
            "dist": {
                "type": "zip",
                "url": "https://api.github.com/repos/jzonta/FakerRestaurant/zipball/8fe1ba7d887f1b7047b951a15166e316eaa07963",
                "reference": "8fe1ba7d887f1b7047b951a15166e316eaa07963",
                "shasum": ""
            },
            "require": {
                "fzaninotto/faker": "~1.4",
                "php": ">=5.3.0"
            },
            "type": "library",
            "autoload": {
                "psr-4": {
                    "FakerRestaurant\\": "src"
                }
            },
            "notification-url": "https://packagist.org/downloads/",
            "license": [
                "MIT"
            ],
            "authors": [
                {
                    "name": "João Zonta"
                }
            ],
            "description": "Food and Beverage names generate using fzaninotto/Faker",
            "homepage": "https://github.com/jzonta/FakerRestaurant",
            "time": "2017-10-23T15:36:44+00:00"
        }
    ],
    "packages-dev": [],
    "aliases": [],
    "minimum-stability": "stable",
    "stability-flags": [],
    "prefer-stable": false,
    "prefer-lowest": false,
    "platform": [],
    "platform-dev": [],
    "plugin-api-version": "1.1.0"
}
